
Microsoft Visual Studio Solution File, Format Version 12.00
# Visual Studio Version 17
VisualStudioVersion = 17.0.32112.339
MinimumVisualStudioVersion = 10.0.40219.1
Project("{FAE04EC0-301F-11D3-BF4B-00C04F79EFBC}") = "BlazorDirectory.Server", "BlazorDirectory\Server\BlazorDirectory.Server.csproj", "{E63406B0-1498-4C18-BFB9-677876F00E93}"
EndProject
Project("{FAE04EC0-301F-11D3-BF4B-00C04F79EFBC}") = "BlazorDirectory.Client", "BlazorDirectory\Client\BlazorDirectory.Client.csproj", "{1035F048-6B21-4AC5-B619-BE2E70D61972}"
EndProject
Project("{FAE04EC0-301F-11D3-BF4B-00C04F79EFBC}") = "BlazorDirectory.Shared", "BlazorDirectory\Shared\BlazorDirectory.Shared.csproj", "{D27EEB74-920E-40FF-A9F4-5CCC1C6CF91B}"
EndProject
Global
	GlobalSection(SolutionConfigurationPlatforms) = preSolution
		Debug|Any CPU = Debug|Any CPU
		Release|Any CPU = Release|Any CPU
	EndGlobalSection
	GlobalSection(ProjectConfigurationPlatforms) = postSolution
		{E63406B0-1498-4C18-BFB9-677876F00E93}.Debug|Any CPU.ActiveCfg = Debug|Any CPU
		{E63406B0-1498-4C18-BFB9-677876F00E93}.Debug|Any CPU.Build.0 = Debug|Any CPU
		{E63406B0-1498-4C18-BFB9-677876F00E93}.Release|Any CPU.ActiveCfg = Release|Any CPU
		{E63406B0-1498-4C18-BFB9-677876F00E93}.Release|Any CPU.Build.0 = Release|Any CPU
		{1035F048-6B21-4AC5-B619-BE2E70D61972}.Debug|Any CPU.ActiveCfg = Debug|Any CPU
		{1035F048-6B21-4AC5-B619-BE2E70D61972}.Debug|Any CPU.Build.0 = Debug|Any CPU
		{1035F048-6B21-4AC5-B619-BE2E70D61972}.Release|Any CPU.ActiveCfg = Release|Any CPU
		{1035F048-6B21-4AC5-B619-BE2E70D61972}.Release|Any CPU.Build.0 = Release|Any CPU
		{D27EEB74-920E-40FF-A9F4-5CCC1C6CF91B}.Debug|Any CPU.ActiveCfg = Debug|Any CPU
		{D27EEB74-920E-40FF-A9F4-5CCC1C6CF91B}.Debug|Any CPU.Build.0 = Debug|Any CPU
		{D27EEB74-920E-40FF-A9F4-5CCC1C6CF91B}.Release|Any CPU.ActiveCfg = Release|Any CPU
		{D27EEB74-920E-40FF-A9F4-5CCC1C6CF91B}.Release|Any CPU.Build.0 = Release|Any CPU
	EndGlobalSection
	GlobalSection(SolutionProperties) = preSolution
		HideSolutionNode = FALSE
	EndGlobalSection
	GlobalSection(ExtensibilityGlobals) = postSolution
		SolutionGuid = {5920339E-42B4-44F6-93CD-E8FAFCEE6199}
	EndGlobalSection
EndGlobal
